// !$*UTF8*$!
{
	archiveVersion = 1;
	classes = {
	};
	objectVersion = 56;
	objects = {

/* Begin PBXBuildFile section */
		0041BCE8305D362E0058E1B8 /* CakeListApp.swift in Sources */ = {isa = PBXBuildFile; fileRef = 0041BCE7305D362E0058E1B8 /* CakeListApp.swift */; };
		0041BCEA305D362E0058E1B8 /* ContentView.swift in Sources */ = {isa = PBXBuildFile; fileRef = 0041BCE9305D362E0058E1B8 /* ContentView.swift */; };
		0041BCEC305D36340058E1B8 /* Assets.xcassets in Resources */ = {isa = PBXBuildFile; fileRef = 0041BCEB305D36340058E1B8 /* Assets.xcassets */; };
		0041BCEF305D36340058E1B8 /* Preview Assets.xcassets in Resources */ = {isa = PBXBuildFile; fileRef = 0041BCEE305D36340058E1B8 /* Preview Assets.xcassets */; };
		0041BCF9305D36360058E1B8 /* CakeListTests.swift in Sources */ = {isa = PBXBuildFile; fileRef = 0041BCF8305D36360058E1B8 /* CakeListTests.swift */; };
		0041BD03305D36360058E1B8 /* CakeListUITests.swift in Sources */ = {isa = PBXBuildFile; fileRef = 0041BD02305D36360058E1B8 /* CakeListUITests.swift */; };
		0041BD05305D36360058E1B8 /* CakeListUITestsLaunchTests.swift in Sources */ = {isa = PBXBuildFile; fileRef = 0041BD04305D36360058E1B8 /* CakeListUITestsLaunchTests.swift */; };
		0041BD13305D372E0058E1B8 /* Cake.swift in Sources */ = {isa = PBXBuildFile; fileRef = 0041BD12305D372E0058E1B8 /* Cake.swift */; };
		0041BD16305D37780058E1B8 /* CakeServiceProtocol.swift in Sources */ = {isa = PBXBuildFile; fileRef = 0041BD15305D37780058E1B8 /* CakeServiceProtocol.swift */; };
		0041BD18305D37B50058E1B8 /* CakeAPIService.swift in Sources */ = {isa = PBXBuildFile; fileRef = 0041BD17305D37B50058E1B8 /* CakeAPIService.swift */; };
		0041BD1B305D38490058E1B8 /* CakeRepositoryProtocol.swift in Sources */ = {isa = PBXBuildFile; fileRef = 0041BD1A305D38490058E1B8 /* CakeRepositoryProtocol.swift */; };
		0041BD1D305D38980058E1B8 /* CakeRepository.swift in Sources */ = {isa = PBXBuildFile; fileRef = 0041BD1C305D38980058E1B8 /* CakeRepository.swift */; };
		0041BD21305D39330058E1B8 /* CakeListState.swift in Sources */ = {isa = PBXBuildFile; fileRef = 0041BD20305D39330058E1B8 /* CakeListState.swift */; };
		0041BD24305D3B970058E1B8 /* CakeListViewModel.swift in Sources */ = {isa = PBXBuildFile; fileRef = 0041BD23305D3B970058E1B8 /* CakeListViewModel.swift */; };
		0041BD26305D3C310058E1B8 /* CakeRowView.swift in Sources */ = {isa = PBXBuildFile; fileRef = 0041BD25305D3C310058E1B8 /* CakeRowView.swift */; };
		0041BD28305D3C5C0058E1B8 /* CakeListView.swift in Sources */ = {isa = PBXBuildFile; fileRef = 0041BD27305D3C5C0058E1B8 /* CakeListView.swift */; };
		0041BD2A305D40F70058E1B8 /* CakeListViewModelTests.swift in Sources */ = {isa = PBXBuildFile; fileRef = 0041BD29305D40F70058E1B8 /* CakeListViewModelTests.swift */; };
		0041BD2C305D45370058E1B8 /* README.md in Resources */ = {isa = PBXBuildFile; fileRef = 0041BD2B305D45360058E1B8 /* README.md */; };
/* End PBXBuildFile section */

/* Begin PBXContainerItemProxy section */
		0041BCF5305D36360058E1B8 /* PBXContainerItemProxy */ = {
			isa = PBXContainerItemProxy;
			containerPortal = 0041BCDC305D362E0058E1B8 /* Project object */;
			proxyType = 1;
			remoteGlobalIDString = 0041BCE3305D362E0058E1B8;
			remoteInfo = CakeList;
		};
		0041BCFF305D36360058E1B8 /* PBXContainerItemProxy */ = {
			isa = PBXContainerItemProxy;
			containerPortal = 0041BCDC305D362E0058E1B8 /* Project object */;
			proxyType = 1;
			remoteGlobalIDString = 0041BCE3305D362E0058E1B8;
			remoteInfo = CakeList;
		};
/* End PBXContainerItemProxy section */

/* Begin PBXFileReference section */
		0041BCE4305D362E0058E1B8 /* CakeList.app */ = {isa = PBXFileReference; explicitFileType = wrapper.application; includeInIndex = 0; path = CakeList.app; sourceTree = BUILT_PRODUCTS_DIR; };
		0041BCE7305D362E0058E1B8 /* CakeListApp.swift */ = {isa = PBXFileReference; lastKnownFileType = sourcecode.swift; path = CakeListApp.swift; sourceTree = "<group>"; };
		0041BCE9305D362E0058E1B8 /* ContentView.swift */ = {isa = PBXFileReference; lastKnownFileType = sourcecode.swift; path = ContentView.swift; sourceTree = "<group>"; };
		0041BCEB305D36340058E1B8 /* Assets.xcassets */ = {isa = PBXFileReference; lastKnownFileType = folder.assetcatalog; path = Assets.xcassets; sourceTree = "<group>"; };
		0041BCEE305D36340058E1B8 /* Preview Assets.xcassets */ = {isa = PBXFileReference; lastKnownFileType = folder.assetcatalog; path = "Preview Assets.xcassets"; sourceTree = "<group>"; };
		0041BCF4305D36360058E1B8 /* CakeListTests.xctest */ = {isa = PBXFileReference; explicitFileType = wrapper.cfbundle; includeInIndex = 0; path = CakeListTests.xctest; sourceTree = BUILT_PRODUCTS_DIR; };
		0041BCF8305D36360058E1B8 /* CakeListTests.swift */ = {isa = PBXFileReference; lastKnownFileType = sourcecode.swift; path = CakeListTests.swift; sourceTree = "<group>"; };
		0041BCFE305D36360058E1B8 /* CakeListUITests.xctest */ = {isa = PBXFileReference; explicitFileType = wrapper.cfbundle; includeInIndex = 0; path = CakeListUITests.xctest; sourceTree = BUILT_PRODUCTS_DIR; };
		0041BD02305D36360058E1B8 /* CakeListUITests.swift */ = {isa = PBXFileReference; lastKnownFileType = sourcecode.swift; path = CakeListUITests.swift; sourceTree = "<group>"; };
		0041BD04305D36360058E1B8 /* CakeListUITestsLaunchTests.swift */ = {isa = PBXFileReference; lastKnownFileType = sourcecode.swift; path = CakeListUITestsLaunchTests.swift; sourceTree = "<group>"; };
		0041BD12305D372E0058E1B8 /* Cake.swift */ = {isa = PBXFileReference; lastKnownFileType = sourcecode.swift; path = Cake.swift; sourceTree = "<group>"; };
		0041BD15305D37780058E1B8 /* CakeServiceProtocol.swift */ = {isa = PBXFileReference; lastKnownFileType = sourcecode.swift; path = CakeServiceProtocol.swift; sourceTree = "<group>"; };
		0041BD17305D37B50058E1B8 /* CakeAPIService.swift */ = {isa = PBXFileReference; lastKnownFileType = sourcecode.swift; path = CakeAPIService.swift; sourceTree = "<group>"; };
		0041BD1A305D38490058E1B8 /* CakeRepositoryProtocol.swift */ = {isa = PBXFileReference; lastKnownFileType = sourcecode.swift; path = CakeRepositoryProtocol.swift; sourceTree = "<group>"; };
		0041BD1C305D38980058E1B8 /* CakeRepository.swift */ = {isa = PBXFileReference; lastKnownFileType = sourcecode.swift; path = CakeRepository.swift; sourceTree = "<group>"; };
		0041BD20305D39330058E1B8 /* CakeListState.swift */ = {isa = PBXFileReference; lastKnownFileType = sourcecode.swift; path = CakeListState.swift; sourceTree = "<group>"; };
		0041BD23305D3B970058E1B8 /* CakeListViewModel.swift */ = {isa = PBXFileReference; lastKnownFileType = sourcecode.swift; path = CakeListViewModel.swift; sourceTree = "<group>"; };
		0041BD25305D3C310058E1B8 /* CakeRowView.swift */ = {isa = PBXFileReference; lastKnownFileType = sourcecode.swift; path = CakeRowView.swift; sourceTree = "<group>"; };
		0041BD27305D3C5C0058E1B8 /* CakeListView.swift */ = {isa = PBXFileReference; lastKnownFileType = sourcecode.swift; path = CakeListView.swift; sourceTree = "<group>"; };
		0041BD29305D40F70058E1B8 /* CakeListViewModelTests.swift */ = {isa = PBXFileReference; lastKnownFileType = sourcecode.swift; path = CakeListViewModelTests.swift; sourceTree = "<group>"; };
		0041BD2B305D45360058E1B8 /* README.md */ = {isa = PBXFileReference; fileEncoding = 4; lastKnownFileType = net.daringfireball.markdown; path = README.md; sourceTree = "<group>"; };
/* End PBXFileReference section */

/* Begin PBXFrameworksBuildPhase section */
		0041BCE1305D362E0058E1B8 /* Frameworks */ = {
			isa = PBXFrameworksBuildPhase;
			buildActionMask = 2147483647;
			files = (
			);
			runOnlyForDeploymentPostprocessing = 0;
		};
		0041BCF1305D36360058E1B8 /* Frameworks */ = {
			isa = PBXFrameworksBuildPhase;
			buildActionMask = 2147483647;
			files = (
			);
			runOnlyForDeploymentPostprocessing = 0;
		};
		0041BCFB305D36360058E1B8 /* Frameworks */ = {
			isa = PBXFrameworksBuildPhase;
			buildActionMask = 2147483647;
			files = (
			);
			runOnlyForDeploymentPostprocessing = 0;
		};
/* End PBXFrameworksBuildPhase section */

/* Begin PBXGroup section */
		0041BCDB305D362E0058E1B8 = {
			isa = PBXGroup;
			children = (
				0041BD2B305D45360058E1B8 /* README.md */,
				0041BCE6305D362E0058E1B8 /* CakeList */,
				0041BCF7305D36360058E1B8 /* CakeListTests */,
				0041BD01305D36360058E1B8 /* CakeListUITests */,
				0041BCE5305D362E0058E1B8 /* Products */,
			);
			sourceTree = "<group>";
		};
		0041BCE5305D362E0058E1B8 /* Products */ = {
			isa = PBXGroup;
			children = (
				0041BCE4305D362E0058E1B8 /* CakeList.app */,
				0041BCF4305D36360058E1B8 /* CakeListTests.xctest */,
				0041BCFE305D36360058E1B8 /* CakeListUITests.xctest */,
			);
			name = Products;
			sourceTree = "<group>";
		};
		0041BCE6305D362E0058E1B8 /* CakeList */ = {
			isa = PBXGroup;
			children = (
				0041BD22305D3B7F0058E1B8 /* ViewModel */,
				0041BD1E305D39100058E1B8 /* Features */,
				0041BD19305D38120058E1B8 /* Repository */,
				0041BD14305D37600058E1B8 /* Networking */,
				0041BD11305D37160058E1B8 /* Model */,
				0041BCE7305D362E0058E1B8 /* CakeListApp.swift */,
				0041BCE9305D362E0058E1B8 /* ContentView.swift */,
				0041BCEB305D36340058E1B8 /* Assets.xcassets */,
				0041BCED305D36340058E1B8 /* Preview Content */,
			);
			path = CakeList;
			sourceTree = "<group>";
		};
		0041BCED305D36340058E1B8 /* Preview Content */ = {
			isa = PBXGroup;
			children = (
				0041BCEE305D36340058E1B8 /* Preview Assets.xcassets */,
			);
			path = "Preview Content";
			sourceTree = "<group>";
		};
		0041BCF7305D36360058E1B8 /* CakeListTests */ = {
			isa = PBXGroup;
			children = (
				0041BCF8305D36360058E1B8 /* CakeListTests.swift */,
				0041BD29305D40F70058E1B8 /* CakeListViewModelTests.swift */,
			);
			path = CakeListTests;
			sourceTree = "<group>";
		};
		0041BD01305D36360058E1B8 /* CakeListUITests */ = {
			isa = PBXGroup;
			children = (
				0041BD02305D36360058E1B8 /* CakeListUITests.swift */,
				0041BD04305D36360058E1B8 /* CakeListUITestsLaunchTests.swift */,
			);
			path = CakeListUITests;
			sourceTree = "<group>";
		};
		0041BD11305D37160058E1B8 /* Model */ = {
			isa = PBXGroup;
			children = (
				0041BD12305D372E0058E1B8 /* Cake.swift */,
			);
			path = Model;
			sourceTree = "<group>";
		};
		0041BD14305D37600058E1B8 /* Networking */ = {
			isa = PBXGroup;
			children = (
				0041BD15305D37780058E1B8 /* CakeServiceProtocol.swift */,
				0041BD17305D37B50058E1B8 /* CakeAPIService.swift */,
			);
			path = Networking;
			sourceTree = "<group>";
		};
		0041BD19305D38120058E1B8 /* Repository */ = {
			isa = PBXGroup;
			children = (
				0041BD1A305D38490058E1B8 /* CakeRepositoryProtocol.swift */,
				0041BD1C305D38980058E1B8 /* CakeRepository.swift */,
			);
			path = Repository;
			sourceTree = "<group>";
		};
		0041BD1E305D39100058E1B8 /* Features */ = {
			isa = PBXGroup;
			children = (
				0041BD1F305D39170058E1B8 /* CakeList */,
			);
			path = Features;
			sourceTree = "<group>";
		};
		0041BD1F305D39170058E1B8 /* CakeList */ = {
			isa = PBXGroup;
			children = (
				0041BD20305D39330058E1B8 /* CakeListState.swift */,
				0041BD25305D3C310058E1B8 /* CakeRowView.swift */,
				0041BD27305D3C5C0058E1B8 /* CakeListView.swift */,
			);
			path = CakeList;
			sourceTree = "<group>";
		};
		0041BD22305D3B7F0058E1B8 /* ViewModel */ = {
			isa = PBXGroup;
			children = (
				0041BD23305D3B970058E1B8 /* CakeListViewModel.swift */,
			);
			path = ViewModel;
			sourceTree = "<group>";
		};
/* End PBXGroup section */

/* Begin PBXNativeTarget section */
		0041BCE3305D362E0058E1B8 /* CakeList */ = {
			isa = PBXNativeTarget;
			buildConfigurationList = 0041BD08305D36360058E1B8 /* Build configuration list for PBXNativeTarget "CakeList" */;
			buildPhases = (
				0041BCE0305D362E0058E1B8 /* Sources */,
				0041BCE1305D362E0058E1B8 /* Frameworks */,
				0041BCE2305D362E0058E1B8 /* Resources */,
			);
			buildRules = (
			);
			dependencies = (
			);
			name = CakeList;
			productName = CakeList;
			productReference = 0041BCE4305D362E0058E1B8 /* CakeList.app */;
			productType = "com.apple.product-type.application";
		};
		0041BCF3305D36360058E1B8 /* CakeListTests */ = {
			isa = PBXNativeTarget;
			buildConfigurationList = 0041BD0B305D36360058E1B8 /* Build configuration list for PBXNativeTarget "CakeListTests" */;
			buildPhases = (
				0041BCF0305D36360058E1B8 /* Sources */,
				0041BCF1305D36360058E1B8 /* Frameworks */,
				0041BCF2305D36360058E1B8 /* Resources */,
			);
			buildRules = (
			);
			dependencies = (
				0041BCF6305D36360058E1B8 /* PBXTargetDependency */,
			);
			name = CakeListTests;
			productName = CakeListTests;
			productReference = 0041BCF4305D36360058E1B8 /* CakeListTests.xctest */;
			productType = "com.apple.product-type.bundle.unit-test";
		};
		0041BCFD305D36360058E1B8 /* CakeListUITests */ = {
			isa = PBXNativeTarget;
			buildConfigurationList = 0041BD0E305D36360058E1B8 /* Build configuration list for PBXNativeTarget "CakeListUITests" */;
			buildPhases = (
				0041BCFA305D36360058E1B8 /* Sources */,
				0041BCFB305D36360058E1B8 /* Frameworks */,
				0041BCFC305D36360058E1B8 /* Resources */,
			);
			buildRules = (
			);
			dependencies = (
				0041BD00305D36360058E1B8 /* PBXTargetDependency */,
			);
			name = CakeListUITests;
			productName = CakeListUITests;
			productReference = 0041BCFE305D36360058E1B8 /* CakeListUITests.xctest */;
			productType = "com.apple.product-type.bundle.ui-testing";
		};
/* End PBXNativeTarget section */

/* Begin PBXProject section */
		0041BCDC305D362E0058E1B8 /* Project object */ = {
			isa = PBXProject;
			attributes = {
				BuildIndependentTargetsInParallel = 1;
				LastSwiftUpdateCheck = 1420;
				LastUpgradeCheck = 1420;
				TargetAttributes = {
					0041BCE3305D362E0058E1B8 = {
						CreatedOnToolsVersion = 14.2;
					};
					0041BCF3305D36360058E1B8 = {
						CreatedOnToolsVersion = 14.2;
						TestTargetID = 0041BCE3305D362E0058E1B8;
					};
					0041BCFD305D36360058E1B8 = {
						CreatedOnToolsVersion = 14.2;
						TestTargetID = 0041BCE3305D362E0058E1B8;
					};
				};
			};
			buildConfigurationList = 0041BCDF305D362E0058E1B8 /* Build configuration list for PBXProject "CakeList" */;
			compatibilityVersion = "Xcode 14.0";
			developmentRegion = en;
			hasScannedForEncodings = 0;
			knownRegions = (
				en,
				Base,
			);
			mainGroup = 0041BCDB305D362E0058E1B8;
			productRefGroup = 0041BCE5305D362E0058E1B8 /* Products */;
			projectDirPath = "";
			projectRoot = "";
			targets = (
				0041BCE3305D362E0058E1B8 /* CakeList */,
				0041BCF3305D36360058E1B8 /* CakeListTests */,
				0041BCFD305D36360058E1B8 /* CakeListUITests */,
			);
		};
/* End PBXProject section */

/* Begin PBXResourcesBuildPhase section */
		0041BCE2305D362E0058E1B8 /* Resources */ = {
			isa = PBXResourcesBuildPhase;
			buildActionMask = 2147483647;
			files = (
				0041BD2C305D45370058E1B8 /* README.md in Resources */,
				0041BCEF305D36340058E1B8 /* Preview Assets.xcassets in Resources */,
				0041BCEC305D36340058E1B8 /* Assets.xcassets in Resources */,
			);
			runOnlyForDeploymentPostprocessing = 0;
		};
		0041BCF2305D36360058E1B8 /* Resources */ = {
			isa = PBXResourcesBuildPhase;
			buildActionMask = 2147483647;
			files = (
			);
			runOnlyForDeploymentPostprocessing = 0;
		};
		0041BCFC305D36360058E1B8 /* Resources */ = {
			isa = PBXResourcesBuildPhase;
			buildActionMask = 2147483647;
			files = (
			);
			runOnlyForDeploymentPostprocessing = 0;
		};
/* End PBXResourcesBuildPhase section */

/* Begin PBXSourcesBuildPhase section */
		0041BCE0305D362E0058E1B8 /* Sources */ = {
			isa = PBXSourcesBuildPhase;
			buildActionMask = 2147483647;
			files = (
				0041BCEA305D362E0058E1B8 /* ContentView.swift in Sources */,
				0041BD13305D372E0058E1B8 /* Cake.swift in Sources */,
				0041BCE8305D362E0058E1B8 /* CakeListApp.swift in Sources */,
				0041BD1D305D38980058E1B8 /* CakeRepository.swift in Sources */,
				0041BD1B305D38490058E1B8 /* CakeRepositoryProtocol.swift in Sources */,
				0041BD16305D37780058E1B8 /* CakeServiceProtocol.swift in Sources */,
				0041BD18305D37B50058E1B8 /* CakeAPIService.swift in Sources */,
				0041BD24305D3B970058E1B8 /* CakeListViewModel.swift in Sources */,
				0041BD21305D39330058E1B8 /* CakeListState.swift in Sources */,
				0041BD28305D3C5C0058E1B8 /* CakeListView.swift in Sources */,
				0041BD26305D3C310058E1B8 /* CakeRowView.swift in Sources */,
			);
			runOnlyForDeploymentPostprocessing = 0;
		};
		0041BCF0305D36360058E1B8 /* Sources */ = {
			isa = PBXSourcesBuildPhase;
			buildActionMask = 2147483647;
			files = (
				0041BD2A305D40F70058E1B8 /* CakeListViewModelTests.swift in Sources */,
				0041BCF9305D36360058E1B8 /* CakeListTests.swift in Sources */,
			);
			runOnlyForDeploymentPostprocessing = 0;
		};
		0041BCFA305D36360058E1B8 /* Sources */ = {
			isa = PBXSourcesBuildPhase;
			buildActionMask = 2147483647;
			files = (
				0041BD05305D36360058E1B8 /* CakeListUITestsLaunchTests.swift in Sources */,
				0041BD03305D36360058E1B8 /* CakeListUITests.swift in Sources */,
			);
			runOnlyForDeploymentPostprocessing = 0;
		};
/* End PBXSourcesBuildPhase section */

/* Begin PBXTargetDependency section */
		0041BCF6305D36360058E1B8 /* PBXTargetDependency */ = {
			isa = PBXTargetDependency;
			target = 0041BCE3305D362E0058E1B8 /* CakeList */;
			targetProxy = 0041BCF5305D36360058E1B8 /* PBXContainerItemProxy */;
		};
		0041BD00305D36360058E1B8 /* PBXTargetDependency */ = {
			isa = PBXTargetDependency;
			target = 0041BCE3305D362E0058E1B8 /* CakeList */;
			targetProxy = 0041BCFF305D36360058E1B8 /* PBXContainerItemProxy */;
		};
/* End PBXTargetDependency section */

/* Begin XCBuildConfiguration section */
		0041BD06305D36360058E1B8 /* Debug */ = {
			isa = XCBuildConfiguration;
			buildSettings = {
				ALWAYS_SEARCH_USER_PATHS = NO;
				CLANG_ANALYZER_NONNULL = YES;
				CLANG_ANALYZER_NUMBER_OBJECT_CONVERSION = YES_AGGRESSIVE;
				CLANG_CXX_LANGUAGE_STANDARD = "gnu++20";
				CLANG_ENABLE_MODULES = YES;
				CLANG_ENABLE_OBJC_ARC = YES;
				CLANG_ENABLE_OBJC_WEAK = YES;
				CLANG_WARN_BLOCK_CAPTURE_AUTORELEASING = YES;
				CLANG_WARN_BOOL_CONVERSION = YES;
				CLANG_WARN_COMMA = YES;
				CLANG_WARN_CONSTANT_CONVERSION = YES;
				CLANG_WARN_DEPRECATED_OBJC_IMPLEMENTATIONS = YES;
				CLANG_WARN_DIRECT_OBJC_ISA_USAGE = YES_ERROR;
				CLANG_WARN_DOCUMENTATION_COMMENTS = YES;
				CLANG_WARN_EMPTY_BODY = YES;
				CLANG_WARN_ENUM_CONVERSION = YES;
				CLANG_WARN_INFINITE_RECURSION = YES;
				CLANG_WARN_INT_CONVERSION = YES;
				CLANG_WARN_NON_LITERAL_NULL_CONVERSION = YES;
				CLANG_WARN_OBJC_IMPLICIT_RETAIN_SELF = YES;
				CLANG_WARN_OBJC_LITERAL_CONVERSION = YES;
				CLANG_WARN_OBJC_ROOT_CLASS = YES_ERROR;
				CLANG_WARN_QUOTED_INCLUDE_IN_FRAMEWORK_HEADER = YES;
				CLANG_WARN_RANGE_LOOP_ANALYSIS = YES;
				CLANG_WARN_STRICT_PROTOTYPES = YES;
				CLANG_WARN_SUSPICIOUS_MOVE = YES;
				CLANG_WARN_UNGUARDED_AVAILABILITY = YES_AGGRESSIVE;
				CLANG_WARN_UNREACHABLE_CODE = YES;
				CLANG_WARN__DUPLICATE_METHOD_MATCH = YES;
				COPY_PHASE_STRIP = NO;
				DEBUG_INFORMATION_FORMAT = dwarf;
				ENABLE_STRICT_OBJC_MSGSEND = YES;
				ENABLE_TESTABILITY = YES;
				GCC_C_LANGUAGE_STANDARD = gnu11;
				GCC_DYNAMIC_NO_PIC = NO;
				GCC_NO_COMMON_BLOCKS = YES;
				GCC_OPTIMIZATION_LEVEL = 0;
				GCC_PREPROCESSOR_DEFINITIONS = (
					"DEBUG=1",
					"$(inherited)",
				);
				GCC_WARN_64_TO_32_BIT_CONVERSION = YES;
				GCC_WARN_ABOUT_RETURN_TYPE = YES_ERROR;
				GCC_WARN_UNDECLARED_SELECTOR = YES;
				GCC_WARN_UNINITIALIZED_AUTOS = YES_AGGRESSIVE;
				GCC_WARN_UNUSED_FUNCTION = YES;
				GCC_WARN_UNUSED_VARIABLE = YES;
				IPHONEOS_DEPLOYMENT_TARGET = 16.2;
				MTL_ENABLE_DEBUG_INFO = INCLUDE_SOURCE;
				MTL_FAST_MATH = YES;
				ONLY_ACTIVE_ARCH = YES;
				SDKROOT = iphoneos;
				SWIFT_ACTIVE_COMPILATION_CONDITIONS = DEBUG;
				SWIFT_OPTIMIZATION_LEVEL = "-Onone";
			};
			name = Debug;
		};
		0041BD07305D36360058E1B8 /* Release */ = {
			isa = XCBuildConfiguration;
			buildSettings = {
				ALWAYS_SEARCH_USER_PATHS = NO;
				CLANG_ANALYZER_NONNULL = YES;
				CLANG_ANALYZER_NUMBER_OBJECT_CONVERSION = YES_AGGRESSIVE;
				CLANG_CXX_LANGUAGE_STANDARD = "gnu++20";
				CLANG_ENABLE_MODULES = YES;
				CLANG_ENABLE_OBJC_ARC = YES;
				CLANG_ENABLE_OBJC_WEAK = YES;
				CLANG_WARN_BLOCK_CAPTURE_AUTORELEASING = YES;
				CLANG_WARN_BOOL_CONVERSION = YES;
				CLANG_WARN_COMMA = YES;
				CLANG_WARN_CONSTANT_CONVERSION = YES;
				CLANG_WARN_DEPRECATED_OBJC_IMPLEMENTATIONS = YES;
				CLANG_WARN_DIRECT_OBJC_ISA_USAGE = YES_ERROR;
				CLANG_WARN_DOCUMENTATION_COMMENTS = YES;
				CLANG_WARN_EMPTY_BODY = YES;
				CLANG_WARN_ENUM_CONVERSION = YES;
				CLANG_WARN_INFINITE_RECURSION = YES;
				CLANG_WARN_INT_CONVERSION = YES;
				CLANG_WARN_NON_LITERAL_NULL_CONVERSION = YES;
				CLANG_WARN_OBJC_IMPLICIT_RETAIN_SELF = YES;
				CLANG_WARN_OBJC_LITERAL_CONVERSION = YES;
				CLANG_WARN_OBJC_ROOT_CLASS = YES_ERROR;
				CLANG_WARN_QUOTED_INCLUDE_IN_FRAMEWORK_HEADER = YES;
				CLANG_WARN_RANGE_LOOP_ANALYSIS = YES;
				CLANG_WARN_STRICT_PROTOTYPES = YES;
				CLANG_WARN_SUSPICIOUS_MOVE = YES;
				CLANG_WARN_UNGUARDED_AVAILABILITY = YES_AGGRESSIVE;
				CLANG_WARN_UNREACHABLE_CODE = YES;
				CLANG_WARN__DUPLICATE_METHOD_MATCH = YES;
				COPY_PHASE_STRIP = NO;
				DEBUG_INFORMATION_FORMAT = "dwarf-with-dsym";
				ENABLE_NS_ASSERTIONS = NO;
				ENABLE_STRICT_OBJC_MSGSEND = YES;
				GCC_C_LANGUAGE_STANDARD = gnu11;
				GCC_NO_COMMON_BLOCKS = YES;
				GCC_WARN_64_TO_32_BIT_CONVERSION = YES;
				GCC_WARN_ABOUT_RETURN_TYPE = YES_ERROR;
				GCC_WARN_UNDECLARED_SELECTOR = YES;
				GCC_WARN_UNINITIALIZED_AUTOS = YES_AGGRESSIVE;
				GCC_WARN_UNUSED_FUNCTION = YES;
				GCC_WARN_UNUSED_VARIABLE = YES;
				IPHONEOS_DEPLOYMENT_TARGET = 16.2;
				MTL_ENABLE_DEBUG_INFO = NO;
				MTL_FAST_MATH = YES;
				SDKROOT = iphoneos;
				SWIFT_COMPILATION_MODE = wholemodule;
				SWIFT_OPTIMIZATION_LEVEL = "-O";
				VALIDATE_PRODUCT = YES;
			};
			name = Release;
		};
		0041BD09305D36360058E1B8 /* Debug */ = {
			isa = XCBuildConfiguration;
			buildSettings = {
				ASSETCATALOG_COMPILER_APPICON_NAME = AppIcon;
				ASSETCATALOG_COMPILER_GLOBAL_ACCENT_COLOR_NAME = AccentColor;
				CODE_SIGN_STYLE = Automatic;
				CURRENT_PROJECT_VERSION = 1;
				DEVELOPMENT_ASSET_PATHS = "\"CakeList/Preview Content\"";
				ENABLE_PREVIEWS = YES;
				GENERATE_INFOPLIST_FILE = YES;
				INFOPLIST_KEY_UIApplicationSceneManifest_Generation = YES;
				INFOPLIST_KEY_UIApplicationSupportsIndirectInputEvents = YES;
				INFOPLIST_KEY_UILaunchScreen_Generation = YES;
				INFOPLIST_KEY_UISupportedInterfaceOrientations_iPad = "UIInterfaceOrientationPortrait UIInterfaceOrientationPortraitUpsideDown UIInterfaceOrientationLandscapeLeft UIInterfaceOrientationLandscapeRight";
				INFOPLIST_KEY_UISupportedInterfaceOrientations_iPhone = "UIInterfaceOrientationPortrait UIInterfaceOrientationLandscapeLeft UIInterfaceOrientationLandscapeRight";
				LD_RUNPATH_SEARCH_PATHS = (
					"$(inherited)",
					"@executable_path/Frameworks",
				);
				MARKETING_VERSION = 1.0;
				PRODUCT_BUNDLE_IDENTIFIER = com.product.CakeList;
				PRODUCT_NAME = "$(TARGET_NAME)";
				SWIFT_EMIT_LOC_STRINGS = YES;
				SWIFT_VERSION = 5.0;
				TARGETED_DEVICE_FAMILY = "1,2";
			};
			name = Debug;
		};
		0041BD0A305D36360058E1B8 /* Release */ = {
			isa = XCBuildConfiguration;
			buildSettings = {
				ASSETCATALOG_COMPILER_APPICON_NAME = AppIcon;
				ASSETCATALOG_COMPILER_GLOBAL_ACCENT_COLOR_NAME = AccentColor;
				CODE_SIGN_STYLE = Automatic;
				CURRENT_PROJECT_VERSION = 1;
				DEVELOPMENT_ASSET_PATHS = "\"CakeList/Preview Content\"";
				ENABLE_PREVIEWS = YES;
				GENERATE_INFOPLIST_FILE = YES;
				INFOPLIST_KEY_UIApplicationSceneManifest_Generation = YES;
				INFOPLIST_KEY_UIApplicationSupportsIndirectInputEvents = YES;
				INFOPLIST_KEY_UILaunchScreen_Generation = YES;
				INFOPLIST_KEY_UISupportedInterfaceOrientations_iPad = "UIInterfaceOrientationPortrait UIInterfaceOrientationPortraitUpsideDown UIInterfaceOrientationLandscapeLeft UIInterfaceOrientationLandscapeRight";
				INFOPLIST_KEY_UISupportedInterfaceOrientations_iPhone = "UIInterfaceOrientationPortrait UIInterfaceOrientationLandscapeLeft UIInterfaceOrientationLandscapeRight";
				LD_RUNPATH_SEARCH_PATHS = (
					"$(inherited)",
					"@executable_path/Frameworks",
				);
				MARKETING_VERSION = 1.0;
				PRODUCT_BUNDLE_IDENTIFIER = com.product.CakeList;
				PRODUCT_NAME = "$(TARGET_NAME)";
				SWIFT_EMIT_LOC_STRINGS = YES;
				SWIFT_VERSION = 5.0;
				TARGETED_DEVICE_FAMILY = "1,2";
			};
			name = Release;
		};
		0041BD0C305D36360058E1B8 /* Debug */ = {
			isa = XCBuildConfiguration;
			buildSettings = {
				ALWAYS_EMBED_SWIFT_STANDARD_LIBRARIES = YES;
				BUNDLE_LOADER = "$(TEST_HOST)";
				CODE_SIGN_STYLE = Automatic;
				CURRENT_PROJECT_VERSION = 1;
				GENERATE_INFOPLIST_FILE = YES;
				IPHONEOS_DEPLOYMENT_TARGET = 16.2;
				MARKETING_VERSION = 1.0;
				PRODUCT_BUNDLE_IDENTIFIER = com.product.CakeListTests;
				PRODUCT_NAME = "$(TARGET_NAME)";
				SWIFT_EMIT_LOC_STRINGS = NO;
				SWIFT_VERSION = 5.0;
				TARGETED_DEVICE_FAMILY = "1,2";
				TEST_HOST = "$(BUILT_PRODUCTS_DIR)/CakeList.app/$(BUNDLE_EXECUTABLE_FOLDER_PATH)/CakeList";
			};
			name = Debug;
		};
		0041BD0D305D36360058E1B8 /* Release */ = {
			isa = XCBuildConfiguration;
			buildSettings = {
				ALWAYS_EMBED_SWIFT_STANDARD_LIBRARIES = YES;
				BUNDLE_LOADER = "$(TEST_HOST)";
				CODE_SIGN_STYLE = Automatic;
				CURRENT_PROJECT_VERSION = 1;
				GENERATE_INFOPLIST_FILE = YES;
				IPHONEOS_DEPLOYMENT_TARGET = 16.2;
				MARKETING_VERSION = 1.0;
				PRODUCT_BUNDLE_IDENTIFIER = com.product.CakeListTests;
				PRODUCT_NAME = "$(TARGET_NAME)";
				SWIFT_EMIT_LOC_STRINGS = NO;
				SWIFT_VERSION = 5.0;
				TARGETED_DEVICE_FAMILY = "1,2";
				TEST_HOST = "$(BUILT_PRODUCTS_DIR)/CakeList.app/$(BUNDLE_EXECUTABLE_FOLDER_PATH)/CakeList";
			};
			name = Release;
		};
		0041BD0F305D36360058E1B8 /* Debug */ = {
			isa = XCBuildConfiguration;
			buildSettings = {
				ALWAYS_EMBED_SWIFT_STANDARD_LIBRARIES = YES;
				CODE_SIGN_STYLE = Automatic;
				CURRENT_PROJECT_VERSION = 1;
				GENERATE_INFOPLIST_FILE = YES;
				MARKETING_VERSION = 1.0;
				PRODUCT_BUNDLE_IDENTIFIER = com.product.CakeListUITests;
				PRODUCT_NAME = "$(TARGET_NAME)";
				SWIFT_EMIT_LOC_STRINGS = NO;
				SWIFT_VERSION = 5.0;
				TARGETED_DEVICE_FAMILY = "1,2";
				TEST_TARGET_NAME = CakeList;
			};
			name = Debug;
		};
		0041BD10305D36360058E1B8 /* Release */ = {
			isa = XCBuildConfiguration;
			buildSettings = {
				ALWAYS_EMBED_SWIFT_STANDARD_LIBRARIES = YES;
				CODE_SIGN_STYLE = Automatic;
				CURRENT_PROJECT_VERSION = 1;
				GENERATE_INFOPLIST_FILE = YES;
				MARKETING_VERSION = 1.0;
				PRODUCT_BUNDLE_IDENTIFIER = com.product.CakeListUITests;
				PRODUCT_NAME = "$(TARGET_NAME)";
				SWIFT_EMIT_LOC_STRINGS = NO;
				SWIFT_VERSION = 5.0;
				TARGETED_DEVICE_FAMILY = "1,2";
				TEST_TARGET_NAME = CakeList;
			};
			name = Release;
		};
/* End XCBuildConfiguration section */

/* Begin XCConfigurationList section */
		0041BCDF305D362E0058E1B8 /* Build configuration list for PBXProject "CakeList" */ = {
			isa = XCConfigurationList;
			buildConfigurations = (
				0041BD06305D36360058E1B8 /* Debug */,
				0041BD07305D36360058E1B8 /* Release */,
			);
			defaultConfigurationIsVisible = 0;
			defaultConfigurationName = Release;
		};
		0041BD08305D36360058E1B8 /* Build configuration list for PBXNativeTarget "CakeList" */ = {
			isa = XCConfigurationList;
			buildConfigurations = (
				0041BD09305D36360058E1B8 /* Debug */,
				0041BD0A305D36360058E1B8 /* Release */,
			);
			defaultConfigurationIsVisible = 0;
			defaultConfigurationName = Release;
		};
		0041BD0B305D36360058E1B8 /* Build configuration list for PBXNativeTarget "CakeListTests" */ = {
			isa = XCConfigurationList;
			buildConfigurations = (
				0041BD0C305D36360058E1B8 /* Debug */,
				0041BD0D305D36360058E1B8 /* Release */,
			);
			defaultConfigurationIsVisible = 0;
			defaultConfigurationName = Release;
		};
		0041BD0E305D36360058E1B8 /* Build configuration list for PBXNativeTarget "CakeListUITests" */ = {
			isa = XCConfigurationList;
			buildConfigurations = (
				0041BD0F305D36360058E1B8 /* Debug */,
				0041BD10305D36360058E1B8 /* Release */,
			);
			defaultConfigurationIsVisible = 0;
			defaultConfigurationName = Release;
		};
/* End XCConfigurationList section */
	};
	rootObject = 0041BCDC305D362E0058E1B8 /* Project object */;
}
